github.com/tuanhuu162/go23_course/ex3_countInteger v0.0.0-20230731152802-b3f14489d7fb h1:vdj8rDAl/Xz0tHdkwYTgteMvbFIGDWXqFqU+EnpF14o=
github.com/tuanhuu162/go23_course/ex3_countInteger v0.0.0-20230731152802-b3f14489d7fb/go.mod h1:63is38Lbr8oJiddH7hcv+nNvszi2St8jCQlSsCPQzm0=
github.com/tuanhuu162/go23_course/ex3_countRectangles v0.0.0-20230731152802-b3f14489d7fb h1:/9PGCJa/98clbZda0jJUPEgjAiIyEBj2ZKSl6Rt0BAM=
github.com/tuanhuu162/go23_course/ex3_countRectangles v0.0.0-20230731152802-b3f14489d7fb/go.mod h1:2y7VqZlwtd6Qoyfyew2R3CsderNFOhY5lUdmMzmTGEE=
